// !$*UTF8*$!
{
	archiveVersion = 1;
	classes = {
	};
	objectVersion = 46;
	objects = {

/* Begin PBXBuildFile section */
		DF96BEDA221FF71000E5DD47 /* TencentLBS.framework in Frameworks */ = {isa = PBXBuildFile; fileRef = DF96BED9221FF71000E5DD47 /* TencentLBS.framework */; };
		DF96BEE1221FF79C00E5DD47 /* TencentGeoLocationModule.m in Sources */ = {isa = PBXBuildFile; fileRef = DF96BEE0221FF79C00E5DD47 /* TencentGeoLocationModule.m */; };
/* End PBXBuildFile section */

/* Begin PBXCopyFilesBuildPhase section */
		EF3C22541CC2C30D0099E9B6 /* CopyFiles */ = {
			isa = PBXCopyFilesBuildPhase;
			buildActionMask = 2147483647;
			dstPath = "include/$(PRODUCT_NAME)";
			dstSubfolderSpec = 16;
			files = (
			);
			runOnlyForDeploymentPostprocessing = 0;
		};
/* End PBXCopyFilesBuildPhase section */

/* Begin PBXFileReference section */
		DF96BED9221FF71000E5DD47 /* TencentLBS.framework */ = {isa = PBXFileReference; lastKnownFileType = wrapper.framework; name = TencentLBS.framework; path = libs/TencentLBS.framework; sourceTree = "<group>"; };
		DF96BEDF221FF79C00E5DD47 /* TencentGeoLocationModule.h */ = {isa = PBXFileReference; fileEncoding = 4; lastKnownFileType = sourcecode.c.h; path = TencentGeoLocationModule.h; sourceTree = "<group>"; };
		DF96BEE0221FF79C00E5DD47 /* TencentGeoLocationModule.m */ = {isa = PBXFileReference; fileEncoding = 4; lastKnownFileType = sourcecode.c.objc; path = TencentGeoLocationModule.m; sourceTree = "<group>"; };
		DF96BEE22220DC3E00E5DD47 /* libz.1.2.5.tbd */ = {isa = PBXFileReference; lastKnownFileType = "sourcecode.text-based-dylib-definition"; name = libz.1.2.5.tbd; path = usr/lib/libz.1.2.5.tbd; sourceTree = SDKROOT; };
		EF3C22561CC2C30D0099E9B6 /* libRCTTencentGeoLocation.a */ = {isa = PBXFileReference; explicitFileType = archive.ar; includeInIndex = 0; path = libRCTTencentGeoLocation.a; sourceTree = BUILT_PRODUCTS_DIR; };
/* End PBXFileReference section */

/* Begin PBXFrameworksBuildPhase section */
		EF3C22531CC2C30D0099E9B6 /* Frameworks */ = {
			isa = PBXFrameworksBuildPhase;
			buildActionMask = 2147483647;
			files = (
				DF96BEDA221FF71000E5DD47 /* TencentLBS.framework in Frameworks */,
			);
			runOnlyForDeploymentPostprocessing = 0;
		};
/* End PBXFrameworksBuildPhase section */

/* Begin PBXGroup section */
		DF96BEC0221D43C200E5DD47 /* Frameworks */ = {
			isa = PBXGroup;
			children = (
				DF96BEE22220DC3E00E5DD47 /* libz.1.2.5.tbd */,
				DF96BED9221FF71000E5DD47 /* TencentLBS.framework */,
			);
			name = Frameworks;
			sourceTree = "<group>";
		};
		EF3C224D1CC2C30D0099E9B6 = {
			isa = PBXGroup;
			children = (
				EF3C22581CC2C30D0099E9B6 /* RCTTencentGeoLocation */,
				EF3C22571CC2C30D0099E9B6 /* Products */,
				DF96BEC0221D43C200E5DD47 /* Frameworks */,
			);
			sourceTree = "<group>";
		};
		EF3C22571CC2C30D0099E9B6 /* Products */ = {
			isa = PBXGroup;
			children = (
				EF3C22561CC2C30D0099E9B6 /* libRCTTencentGeoLocation.a */,
			);
			name = Products;
			sourceTree = "<group>";
		};
		EF3C22581CC2C30D0099E9B6 /* RCTTencentGeoLocation */ = {
			isa = PBXGroup;
			children = (
				DF96BEDF221FF79C00E5DD47 /* TencentGeoLocationModule.h */,
				DF96BEE0221FF79C00E5DD47 /* TencentGeoLocationModule.m */,
			);
			path = RCTTencentGeoLocation;
			sourceTree = "<group>";
		};
/* End PBXGroup section */

/* Begin PBXNativeTarget section */
		EF3C22551CC2C30D0099E9B6 /* RCTTencentGeoLocation */ = {
			isa = PBXNativeTarget;
			buildConfigurationList = EF3C225F1CC2C30D0099E9B6 /* Build configuration list for PBXNativeTarget "RCTTencentGeoLocation" */;
			buildPhases = (
				EF3C22521CC2C30D0099E9B6 /* Sources */,
				EF3C22531CC2C30D0099E9B6 /* Frameworks */,
				EF3C22541CC2C30D0099E9B6 /* CopyFiles */,
			);
			buildRules = (
			);
			dependencies = (
			);
			name = RCTTencentGeoLocation;
			productName = RCTTencentGeoLocation;
			productReference = EF3C22561CC2C30D0099E9B6 /* libRCTTencentGeoLocation.a */;
			productType = "com.apple.product-type.library.static";
		};
/* End PBXNativeTarget section */

/* Begin PBXProject section */
		EF3C224E1CC2C30D0099E9B6 /* Project object */ = {
			isa = PBXProject;
			attributes = {
				LastUpgradeCheck = 0720;
				ORGANIZATIONNAME = lovebing.org;
				TargetAttributes = {
					EF3C22551CC2C30D0099E9B6 = {
						CreatedOnToolsVersion = 7.2.1;
					};
				};
			};
			buildConfigurationList = EF3C22511CC2C30D0099E9B6 /* Build configuration list for PBXProject "RCTTencentGeoLocation" */;
			compatibilityVersion = "Xcode 3.2";
			developmentRegion = English;
			hasScannedForEncodings = 0;
			knownRegions = (
				en,
			);
			mainGroup = EF3C224D1CC2C30D0099E9B6;
			productRefGroup = EF3C22571CC2C30D0099E9B6 /* Products */;
			projectDirPath = "";
			projectRoot = "";
			targets = (
				EF3C22551CC2C30D0099E9B6 /* RCTTencentGeoLocation */,
			);
		};
/* End PBXProject section */

/* Begin PBXSourcesBuildPhase section */
		EF3C22521CC2C30D0099E9B6 /* Sources */ = {
			isa = PBXSourcesBuildPhase;
			buildActionMask = 2147483647;
			files = (
				DF96BEE1221FF79C00E5DD47 /* TencentGeoLocationModule.m in Sources */,
			);
			runOnlyForDeploymentPostprocessing = 0;
		};
/* End PBXSourcesBuildPhase section */

/* Begin XCBuildConfiguration section */
		EF3C225D1CC2C30D0099E9B6 /* Debug */ = {
			isa = XCBuildConfiguration;
			buildSettings = {
				ALWAYS_SEARCH_USER_PATHS = NO;
				CLANG_CXX_LANGUAGE_STANDARD = "gnu++0x";
				CLANG_CXX_LIBRARY = "libc++";
				CLANG_ENABLE_MODULES = YES;
				CLANG_ENABLE_OBJC_ARC = YES;
				CLANG_WARN_BOOL_CONVERSION = YES;
				CLANG_WARN_CONSTANT_CONVERSION = YES;
				CLANG_WARN_DIRECT_OBJC_ISA_USAGE = YES_ERROR;
				CLANG_WARN_EMPTY_BODY = YES;
				CLANG_WARN_ENUM_CONVERSION = YES;
				CLANG_WARN_INT_CONVERSION = YES;
				CLANG_WARN_OBJC_ROOT_CLASS = YES_ERROR;
				CLANG_WARN_UNREACHABLE_CODE = YES;
				CLANG_WARN__DUPLICATE_METHOD_MATCH = YES;
				"CODE_SIGN_IDENTITY[sdk=iphoneos*]" = "iPhone Developer";
				COPY_PHASE_STRIP = NO;
				DEBUG_INFORMATION_FORMAT = dwarf;
				ENABLE_STRICT_OBJC_MSGSEND = YES;
				ENABLE_TESTABILITY = YES;
				GCC_C_LANGUAGE_STANDARD = gnu99;
				GCC_DYNAMIC_NO_PIC = NO;
				GCC_NO_COMMON_BLOCKS = YES;
				GCC_OPTIMIZATION_LEVEL = 0;
				GCC_PREPROCESSOR_DEFINITIONS = (
					"DEBUG=1",
					"$(inherited)",
				);
				GCC_WARN_64_TO_32_BIT_CONVERSION = YES;
				GCC_WARN_ABOUT_RETURN_TYPE = YES_ERROR;
				GCC_WARN_UNDECLARED_SELECTOR = YES;
				GCC_WARN_UNINITIALIZED_AUTOS = YES_AGGRESSIVE;
				GCC_WARN_UNUSED_FUNCTION = YES;
				GCC_WARN_UNUSED_VARIABLE = YES;
				IPHONEOS_DEPLOYMENT_TARGET = 9.2;
				MTL_ENABLE_DEBUG_INFO = YES;
				ONLY_ACTIVE_ARCH = YES;
				SDKROOT = iphoneos;
			};
			name = Debug;
		};
		EF3C225E1CC2C30D0099E9B6 /* Release */ = {
			isa = XCBuildConfiguration;
			buildSettings = {
				ALWAYS_SEARCH_USER_PATHS = NO;
				CLANG_CXX_LANGUAGE_STANDARD = "gnu++0x";
				CLANG_CXX_LIBRARY = "libc++";
				CLANG_ENABLE_MODULES = YES;
				CLANG_ENABLE_OBJC_ARC = YES;
				CLANG_WARN_BOOL_CONVERSION = YES;
				CLANG_WARN_CONSTANT_CONVERSION = YES;
				CLANG_WARN_DIRECT_OBJC_ISA_USAGE = YES_ERROR;
				CLANG_WARN_EMPTY_BODY = YES;
				CLANG_WARN_ENUM_CONVERSION = YES;
				CLANG_WARN_INT_CONVERSION = YES;
				CLANG_WARN_OBJC_ROOT_CLASS = YES_ERROR;
				CLANG_WARN_UNREACHABLE_CODE = YES;
				CLANG_WARN__DUPLICATE_METHOD_MATCH = YES;
				"CODE_SIGN_IDENTITY[sdk=iphoneos*]" = "iPhone Developer";
				COPY_PHASE_STRIP = NO;
				DEBUG_INFORMATION_FORMAT = "dwarf-with-dsym";
				ENABLE_NS_ASSERTIONS = NO;
				ENABLE_STRICT_OBJC_MSGSEND = YES;
				GCC_C_LANGUAGE_STANDARD = gnu99;
				GCC_NO_COMMON_BLOCKS = YES;
				GCC_WARN_64_TO_32_BIT_CONVERSION = YES;
				GCC_WARN_ABOUT_RETURN_TYPE = YES_ERROR;
				GCC_WARN_UNDECLARED_SELECTOR = YES;
				GCC_WARN_UNINITIALIZED_AUTOS = YES_AGGRESSIVE;
				GCC_WARN_UNUSED_FUNCTION = YES;
				GCC_WARN_UNUSED_VARIABLE = YES;
				IPHONEOS_DEPLOYMENT_TARGET = 9.2;
				MTL_ENABLE_DEBUG_INFO = NO;
				SDKROOT = iphoneos;
				VALIDATE_PRODUCT = YES;
			};
			name = Release;
		};
		EF3C22601CC2C30D0099E9B6 /* Debug */ = {
			isa = XCBuildConfiguration;
			buildSettings = {
				FRAMEWORK_SEARCH_PATHS = (
					"$(SRCROOT)/lib",
					"$(PROJECT_DIR)",
					"$(PROJECT_DIR)/libs",
				);
				GCC_INPUT_FILETYPE = sourcecode.cpp.objcpp;
				HEADER_SEARCH_PATHS = "";
				IPHONEOS_DEPLOYMENT_TARGET = 7.0;
				OTHER_LDFLAGS = (
					"-ObjC",
					"$(inherited)",
				);
				PRODUCT_NAME = "$(TARGET_NAME)";
				SKIP_INSTALL = YES;
			};
			name = Debug;
		};
		EF3C22611CC2C30D0099E9B6 /* Release */ = {
			isa = XCBuildConfiguration;
			buildSettings = {
				FRAMEWORK_SEARCH_PATHS = (
					"$(SRCROOT)/lib",
					"$(PROJECT_DIR)",
					"$(PROJECT_DIR)/libs",
				);
				GCC_INPUT_FILETYPE = sourcecode.cpp.objcpp;
				HEADER_SEARCH_PATHS = "";
				IPHONEOS_DEPLOYMENT_TARGET = 7.0;
				OTHER_LDFLAGS = (
					"-ObjC",
					"$(inherited)",
				);
				PRODUCT_NAME = "$(TARGET_NAME)";
				SKIP_INSTALL = YES;
			};
			name = Release;
		};
/* End XCBuildConfiguration section */

/* Begin XCConfigurationList section */
		EF3C22511CC2C30D0099E9B6 /* Build configuration list for PBXProject "RCTTencentGeoLocation" */ = {
			isa = XCConfigurationList;
			buildConfigurations = (
				EF3C225D1CC2C30D0099E9B6 /* Debug */,
				EF3C225E1CC2C30D0099E9B6 /* Release */,
			);
			defaultConfigurationIsVisible = 0;
			defaultConfigurationName = Release;
		};
		EF3C225F1CC2C30D0099E9B6 /* Build configuration list for PBXNativeTarget "RCTTencentGeoLocation" */ = {
			isa = XCConfigurationList;
			buildConfigurations = (
				EF3C22601CC2C30D0099E9B6 /* Debug */,
				EF3C22611CC2C30D0099E9B6 /* Release */,
			);
			defaultConfigurationIsVisible = 0;
			defaultConfigurationName = Release;
		};
/* End XCConfigurationList section */
	};
	rootObject = EF3C224E1CC2C30D0099E9B6 /* Project object */;
}
